// !$*UTF8*$!
{
	archiveVersion = 1;
	classes = {
	};
	objectVersion = 46;
	objects = {

/* Begin PBXBuildFile section */
		D0C9C54A1C3BA8F90087D987 /* bomb@2x.jpg in Resources */ = {isa = PBXBuildFile; fileRef = D0C9C5491C3BA8F90087D987 /* bomb@2x.jpg */; };
		D0C9C54D1C3BA9210087D987 /* HHCollectionViewCell.m in Sources */ = {isa = PBXBuildFile; fileRef = D0C9C54C1C3BA9210087D987 /* HHCollectionViewCell.m */; };
		D0C9C5501C3BAB780087D987 /* HHBombItem.m in Sources */ = {isa = PBXBuildFile; fileRef = D0C9C54F1C3BAB780087D987 /* HHBombItem.m */; };
		D0D716E51C1AA8EB0086E813 /* main.m in Sources */ = {isa = PBXBuildFile; fileRef = D0D716E41C1AA8EB0086E813 /* main.m */; };
		D0D716E81C1AA8EB0086E813 /* AppDelegate.m in Sources */ = {isa = PBXBuildFile; fileRef = D0D716E71C1AA8EB0086E813 /* AppDelegate.m */; };
		D0D716EB1C1AA8EB0086E813 /* ViewController.m in Sources */ = {isa = PBXBuildFile; fileRef = D0D716EA1C1AA8EB0086E813 /* ViewController.m */; };
		D0D716EE1C1AA8EB0086E813 /* Main.storyboard in Resources */ = {isa = PBXBuildFile; fileRef = D0D716EC1C1AA8EB0086E813 /* Main.storyboard */; };
		D0D716F01C1AA8EB0086E813 /* Assets.xcassets in Resources */ = {isa = PBXBuildFile; fileRef = D0D716EF1C1AA8EB0086E813 /* Assets.xcassets */; };
		D0D716F31C1AA8EB0086E813 /* LaunchScreen.storyboard in Resources */ = {isa = PBXBuildFile; fileRef = D0D716F11C1AA8EB0086E813 /* LaunchScreen.storyboard */; };
		D0D716FE1C1AA8EB0086E813 /* ImagePickerTestTests.m in Sources */ = {isa = PBXBuildFile; fileRef = D0D716FD1C1AA8EB0086E813 /* ImagePickerTestTests.m */; };
		D0D717091C1AA8EB0086E813 /* ImagePickerTestUITests.m in Sources */ = {isa = PBXBuildFile; fileRef = D0D717081C1AA8EB0086E813 /* ImagePickerTestUITests.m */; };
/* End PBXBuildFile section */

/* Begin PBXContainerItemProxy section */
		D0D716FA1C1AA8EB0086E813 /* PBXContainerItemProxy */ = {
			isa = PBXContainerItemProxy;
			containerPortal = D0D716D81C1AA8EA0086E813 /* Project object */;
			proxyType = 1;
			remoteGlobalIDString = D0D716DF1C1AA8EB0086E813;
			remoteInfo = ImagePickerTest;
		};
		D0D717051C1AA8EB0086E813 /* PBXContainerItemProxy */ = {
			isa = PBXContainerItemProxy;
			containerPortal = D0D716D81C1AA8EA0086E813 /* Project object */;
			proxyType = 1;
			remoteGlobalIDString = D0D716DF1C1AA8EB0086E813;
			remoteInfo = ImagePickerTest;
		};
/* End PBXContainerItemProxy section */

/* Begin PBXFileReference section */
		D0C9C5491C3BA8F90087D987 /* bomb@2x.jpg */ = {isa = PBXFileReference; lastKnownFileType = image.jpeg; path = "bomb@2x.jpg"; sourceTree = "<group>"; };
		D0C9C54B1C3BA9210087D987 /* HHCollectionViewCell.h */ = {isa = PBXFileReference; fileEncoding = 4; lastKnownFileType = sourcecode.c.h; path = HHCollectionViewCell.h; sourceTree = "<group>"; };
		D0C9C54C1C3BA9210087D987 /* HHCollectionViewCell.m */ = {isa = PBXFileReference; fileEncoding = 4; lastKnownFileType = sourcecode.c.objc; path = HHCollectionViewCell.m; sourceTree = "<group>"; };
		D0C9C54E1C3BAB780087D987 /* HHBombItem.h */ = {isa = PBXFileReference; fileEncoding = 4; lastKnownFileType = sourcecode.c.h; path = HHBombItem.h; sourceTree = "<group>"; };
		D0C9C54F1C3BAB780087D987 /* HHBombItem.m */ = {isa = PBXFileReference; fileEncoding = 4; lastKnownFileType = sourcecode.c.objc; path = HHBombItem.m; sourceTree = "<group>"; };
		D0D716E01C1AA8EB0086E813 /* ImagePickerTest.app */ = {isa = PBXFileReference; explicitFileType = wrapper.application; includeInIndex = 0; path = ImagePickerTest.app; sourceTree = BUILT_PRODUCTS_DIR; };
		D0D716E41C1AA8EB0086E813 /* main.m */ = {isa = PBXFileReference; lastKnownFileType = sourcecode.c.objc; path = main.m; sourceTree = "<group>"; };
		D0D716E61C1AA8EB0086E813 /* AppDelegate.h */ = {isa = PBXFileReference; lastKnownFileType = sourcecode.c.h; path = AppDelegate.h; sourceTree = "<group>"; };
		D0D716E71C1AA8EB0086E813 /* AppDelegate.m */ = {isa = PBXFileReference; lastKnownFileType = sourcecode.c.objc; path = AppDelegate.m; sourceTree = "<group>"; };
		D0D716E91C1AA8EB0086E813 /* ViewController.h */ = {isa = PBXFileReference; lastKnownFileType = sourcecode.c.h; path = ViewController.h; sourceTree = "<group>"; };
		D0D716EA1C1AA8EB0086E813 /* ViewController.m */ = {isa = PBXFileReference; lastKnownFileType = sourcecode.c.objc; path = ViewController.m; sourceTree = "<group>"; };
		D0D716ED1C1AA8EB0086E813 /* Base */ = {isa = PBXFileReference; lastKnownFileType = file.storyboard; name = Base; path = Base.lproj/Main.storyboard; sourceTree = "<group>"; };
		D0D716EF1C1AA8EB0086E813 /* Assets.xcassets */ = {isa = PBXFileReference; lastKnownFileType = folder.assetcatalog; path = Assets.xcassets; sourceTree = "<group>"; };
		D0D716F21C1AA8EB0086E813 /* Base */ = {isa = PBXFileReference; lastKnownFileType = file.storyboard; name = Base; path = Base.lproj/LaunchScreen.storyboard; sourceTree = "<group>"; };
		D0D716F41C1AA8EB0086E813 /* Info.plist */ = {isa = PBXFileReference; lastKnownFileType = text.plist.xml; path = Info.plist; sourceTree = "<group>"; };
		D0D716F91C1AA8EB0086E813 /* ImagePickerTestTests.xctest */ = {isa = PBXFileReference; explicitFileType = wrapper.cfbundle; includeInIndex = 0; path = ImagePickerTestTests.xctest; sourceTree = BUILT_PRODUCTS_DIR; };
		D0D716FD1C1AA8EB0086E813 /* ImagePickerTestTests.m */ = {isa = PBXFileReference; lastKnownFileType = sourcecode.c.objc; path = ImagePickerTestTests.m; sourceTree = "<group>"; };
		D0D716FF1C1AA8EB0086E813 /* Info.plist */ = {isa = PBXFileReference; lastKnownFileType = text.plist.xml; path = Info.plist; sourceTree = "<group>"; };
		D0D717041C1AA8EB0086E813 /* ImagePickerTestUITests.xctest */ = {isa = PBXFileReference; explicitFileType = wrapper.cfbundle; includeInIndex = 0; path = ImagePickerTestUITests.xctest; sourceTree = BUILT_PRODUCTS_DIR; };
		D0D717081C1AA8EB0086E813 /* ImagePickerTestUITests.m */ = {isa = PBXFileReference; lastKnownFileType = sourcecode.c.objc; path = ImagePickerTestUITests.m; sourceTree = "<group>"; };
		D0D7170A1C1AA8EB0086E813 /* Info.plist */ = {isa = PBXFileReference; lastKnownFileType = text.plist.xml; path = Info.plist; sourceTree = "<group>"; };
/* End PBXFileReference section */

/* Begin PBXFrameworksBuildPhase section */
		D0D716DD1C1AA8EB0086E813 /* Frameworks */ = {
			isa = PBXFrameworksBuildPhase;
			buildActionMask = 2147483647;
			files = (
			);
			runOnlyForDeploymentPostprocessing = 0;
		};
		D0D716F61C1AA8EB0086E813 /* Frameworks */ = {
			isa = PBXFrameworksBuildPhase;
			buildActionMask = 2147483647;
			files = (
			);
			runOnlyForDeploymentPostprocessing = 0;
		};
		D0D717011C1AA8EB0086E813 /* Frameworks */ = {
			isa = PBXFrameworksBuildPhase;
			buildActionMask = 2147483647;
			files = (
			);
			runOnlyForDeploymentPostprocessing = 0;
		};
/* End PBXFrameworksBuildPhase section */

/* Begin PBXGroup section */
		D0D716D71C1AA8EA0086E813 = {
			isa = PBXGroup;
			children = (
				D0D716E21C1AA8EB0086E813 /* ImagePickerTest */,
				D0D716FC1C1AA8EB0086E813 /* ImagePickerTestTests */,
				D0D717071C1AA8EB0086E813 /* ImagePickerTestUITests */,
				D0D716E11C1AA8EB0086E813 /* Products */,
			);
			sourceTree = "<group>";
		};
		D0D716E11C1AA8EB0086E813 /* Products */ = {
			isa = PBXGroup;
			children = (
				D0D716E01C1AA8EB0086E813 /* ImagePickerTest.app */,
				D0D716F91C1AA8EB0086E813 /* ImagePickerTestTests.xctest */,
				D0D717041C1AA8EB0086E813 /* ImagePickerTestUITests.xctest */,
			);
			name = Products;
			sourceTree = "<group>";
		};
		D0D716E21C1AA8EB0086E813 /* ImagePickerTest */ = {
			isa = PBXGroup;
			children = (
				D0D716E61C1AA8EB0086E813 /* AppDelegate.h */,
				D0D716E71C1AA8EB0086E813 /* AppDelegate.m */,
				D0D716E91C1AA8EB0086E813 /* ViewController.h */,
				D0D716EA1C1AA8EB0086E813 /* ViewController.m */,
				D0C9C54B1C3BA9210087D987 /* HHCollectionViewCell.h */,
				D0C9C54C1C3BA9210087D987 /* HHCollectionViewCell.m */,
				D0C9C54E1C3BAB780087D987 /* HHBombItem.h */,
				D0C9C54F1C3BAB780087D987 /* HHBombItem.m */,
				D0C9C5491C3BA8F90087D987 /* bomb@2x.jpg */,
				D0D716EC1C1AA8EB0086E813 /* Main.storyboard */,
				D0D716EF1C1AA8EB0086E813 /* Assets.xcassets */,
				D0D716F11C1AA8EB0086E813 /* LaunchScreen.storyboard */,
				D0D716F41C1AA8EB0086E813 /* Info.plist */,
				D0D716E31C1AA8EB0086E813 /* Supporting Files */,
			);
			path = ImagePickerTest;
			sourceTree = "<group>";
		};
		D0D716E31C1AA8EB0086E813 /* Supporting Files */ = {
			isa = PBXGroup;
			children = (
				D0D716E41C1AA8EB0086E813 /* main.m */,
			);
			name = "Supporting Files";
			sourceTree = "<group>";
		};
		D0D716FC1C1AA8EB0086E813 /* ImagePickerTestTests */ = {
			isa = PBXGroup;
			children = (
				D0D716FD1C1AA8EB0086E813 /* ImagePickerTestTests.m */,
				D0D716FF1C1AA8EB0086E813 /* Info.plist */,
			);
			path = ImagePickerTestTests;
			sourceTree = "<group>";
		};
		D0D717071C1AA8EB0086E813 /* ImagePickerTestUITests */ = {
			isa = PBXGroup;
			children = (
				D0D717081C1AA8EB0086E813 /* ImagePickerTestUITests.m */,
				D0D7170A1C1AA8EB0086E813 /* Info.plist */,
			);
			path = ImagePickerTestUITests;
			sourceTree = "<group>";
		};
/* End PBXGroup section */

/* Begin PBXNativeTarget section */
		D0D716DF1C1AA8EB0086E813 /* ImagePickerTest */ = {
			isa = PBXNativeTarget;
			buildConfigurationList = D0D7170D1C1AA8EB0086E813 /* Build configuration list for PBXNativeTarget "ImagePickerTest" */;
			buildPhases = (
				D0D716DC1C1AA8EB0086E813 /* Sources */,
				D0D716DD1C1AA8EB0086E813 /* Frameworks */,
				D0D716DE1C1AA8EB0086E813 /* Resources */,
			);
			buildRules = (
			);
			dependencies = (
			);
			name = ImagePickerTest;
			productName = ImagePickerTest;
			productReference = D0D716E01C1AA8EB0086E813 /* ImagePickerTest.app */;
			productType = "com.apple.product-type.application";
		};
		D0D716F81C1AA8EB0086E813 /* ImagePickerTestTests */ = {
			isa = PBXNativeTarget;
			buildConfigurationList = D0D717101C1AA8EB0086E813 /* Build configuration list for PBXNativeTarget "ImagePickerTestTests" */;
			buildPhases = (
				D0D716F51C1AA8EB0086E813 /* Sources */,
				D0D716F61C1AA8EB0086E813 /* Frameworks */,
				D0D716F71C1AA8EB0086E813 /* Resources */,
			);
			buildRules = (
			);
			dependencies = (
				D0D716FB1C1AA8EB0086E813 /* PBXTargetDependency */,
			);
			name = ImagePickerTestTests;
			productName = ImagePickerTestTests;
			productReference = D0D716F91C1AA8EB0086E813 /* ImagePickerTestTests.xctest */;
			productType = "com.apple.product-type.bundle.unit-test";
		};
		D0D717031C1AA8EB0086E813 /* ImagePickerTestUITests */ = {
			isa = PBXNativeTarget;
			buildConfigurationList = D0D717131C1AA8EB0086E813 /* Build configuration list for PBXNativeTarget "ImagePickerTestUITests" */;
			buildPhases = (
				D0D717001C1AA8EB0086E813 /* Sources */,
				D0D717011C1AA8EB0086E813 /* Frameworks */,
				D0D717021C1AA8EB0086E813 /* Resources */,
			);
			buildRules = (
			);
			dependencies = (
				D0D717061C1AA8EB0086E813 /* PBXTargetDependency */,
			);
			name = ImagePickerTestUITests;
			productName = ImagePickerTestUITests;
			productReference = D0D717041C1AA8EB0086E813 /* ImagePickerTestUITests.xctest */;
			productType = "com.apple.product-type.bundle.ui-testing";
		};
/* End PBXNativeTarget section */

/* Begin PBXProject section */
		D0D716D81C1AA8EA0086E813 /* Project object */ = {
			isa = PBXProject;
			attributes = {
				LastUpgradeCheck = 0710;
				ORGANIZATIONNAME = .Mr.SupEr;
				TargetAttributes = {
					D0D716DF1C1AA8EB0086E813 = {
						CreatedOnToolsVersion = 7.1;
					};
					D0D716F81C1AA8EB0086E813 = {
						CreatedOnToolsVersion = 7.1;
						TestTargetID = D0D716DF1C1AA8EB0086E813;
					};
					D0D717031C1AA8EB0086E813 = {
						CreatedOnToolsVersion = 7.1;
						TestTargetID = D0D716DF1C1AA8EB0086E813;
					};
				};
			};
			buildConfigurationList = D0D716DB1C1AA8EA0086E813 /* Build configuration list for PBXProject "ImagePickerTest" */;
			compatibilityVersion = "Xcode 3.2";
			developmentRegion = English;
			hasScannedForEncodings = 0;
			knownRegions = (
				en,
				Base,
			);
			mainGroup = D0D716D71C1AA8EA0086E813;
			productRefGroup = D0D716E11C1AA8EB0086E813 /* Products */;
			projectDirPath = "";
			projectRoot = "";
			targets = (
				D0D716DF1C1AA8EB0086E813 /* ImagePickerTest */,
				D0D716F81C1AA8EB0086E813 /* ImagePickerTestTests */,
				D0D717031C1AA8EB0086E813 /* ImagePickerTestUITests */,
			);
		};
/* End PBXProject section */

/* Begin PBXResourcesBuildPhase section */
		D0D716DE1C1AA8EB0086E813 /* Resources */ = {
			isa = PBXResourcesBuildPhase;
			buildActionMask = 2147483647;
			files = (
				D0C9C54A1C3BA8F90087D987 /* bomb@2x.jpg in Resources */,
				D0D716F31C1AA8EB0086E813 /* LaunchScreen.storyboard in Resources */,
				D0D716F01C1AA8EB0086E813 /* Assets.xcassets in Resources */,
				D0D716EE1C1AA8EB0086E813 /* Main.storyboard in Resources */,
			);
			runOnlyForDeploymentPostprocessing = 0;
		};
		D0D716F71C1AA8EB0086E813 /* Resources */ = {
			isa = PBXResourcesBuildPhase;
			buildActionMask = 2147483647;
			files = (
			);
			runOnlyForDeploymentPostprocessing = 0;
		};
		D0D717021C1AA8EB0086E813 /* Resources */ = {
			isa = PBXResourcesBuildPhase;
			buildActionMask = 2147483647;
			files = (
			);
			runOnlyForDeploymentPostprocessing = 0;
		};
/* End PBXResourcesBuildPhase section */

/* Begin PBXSourcesBuildPhase section */
		D0D716DC1C1AA8EB0086E813 /* Sources */ = {
			isa = PBXSourcesBuildPhase;
			buildActionMask = 2147483647;
			files = (
				D0C9C54D1C3BA9210087D987 /* HHCollectionViewCell.m in Sources */,
				D0C9C5501C3BAB780087D987 /* HHBombItem.m in Sources */,
				D0D716EB1C1AA8EB0086E813 /* ViewController.m in Sources */,
				D0D716E81C1AA8EB0086E813 /* AppDelegate.m in Sources */,
				D0D716E51C1AA8EB0086E813 /* main.m in Sources */,
			);
			runOnlyForDeploymentPostprocessing = 0;
		};
		D0D716F51C1AA8EB0086E813 /* Sources */ = {
			isa = PBXSourcesBuildPhase;
			buildActionMask = 2147483647;
			files = (
				D0D716FE1C1AA8EB0086E813 /* ImagePickerTestTests.m in Sources */,
			);
			runOnlyForDeploymentPostprocessing = 0;
		};
		D0D717001C1AA8EB0086E813 /* Sources */ = {
			isa = PBXSourcesBuildPhase;
			buildActionMask = 2147483647;
			files = (
				D0D717091C1AA8EB0086E813 /* ImagePickerTestUITests.m in Sources */,
			);
			runOnlyForDeploymentPostprocessing = 0;
		};
/* End PBXSourcesBuildPhase section */

/* Begin PBXTargetDependency section */
		D0D716FB1C1AA8EB0086E813 /* PBXTargetDependency */ = {
			isa = PBXTargetDependency;
			target = D0D716DF1C1AA8EB0086E813 /* ImagePickerTest */;
			targetProxy = D0D716FA1C1AA8EB0086E813 /* PBXContainerItemProxy */;
		};
		D0D717061C1AA8EB0086E813 /* PBXTargetDependency */ = {
			isa = PBXTargetDependency;
			target = D0D716DF1C1AA8EB0086E813 /* ImagePickerTest */;
			targetProxy = D0D717051C1AA8EB0086E813 /* PBXContainerItemProxy */;
		};
/* End PBXTargetDependency section */

/* Begin PBXVariantGroup section */
		D0D716EC1C1AA8EB0086E813 /* Main.storyboard */ = {
			isa = PBXVariantGroup;
			children = (
				D0D716ED1C1AA8EB0086E813 /* Base */,
			);
			name = Main.storyboard;
			sourceTree = "<group>";
		};
		D0D716F11C1AA8EB0086E813 /* LaunchScreen.storyboard */ = {
			isa = PBXVariantGroup;
			children = (
				D0D716F21C1AA8EB0086E813 /* Base */,
			);
			name = LaunchScreen.storyboard;
			sourceTree = "<group>";
		};
/* End PBXVariantGroup section */

/* Begin XCBuildConfiguration section */
		D0D7170B1C1AA8EB0086E813 /* Debug */ = {
			isa = XCBuildConfiguration;
			buildSettings = {
				ALWAYS_SEARCH_USER_PATHS = NO;
				CLANG_CXX_LANGUAGE_STANDARD = "gnu++0x";
				CLANG_CXX_LIBRARY = "libc++";
				CLANG_ENABLE_MODULES = YES;
				CLANG_ENABLE_OBJC_ARC = YES;
				CLANG_WARN_BOOL_CONVERSION = YES;
				CLANG_WARN_CONSTANT_CONVERSION = YES;
				CLANG_WARN_DIRECT_OBJC_ISA_USAGE = YES_ERROR;
				CLANG_WARN_EMPTY_BODY = YES;
				CLANG_WARN_ENUM_CONVERSION = YES;
				CLANG_WARN_INT_CONVERSION = YES;
				CLANG_WARN_OBJC_ROOT_CLASS = YES_ERROR;
				CLANG_WARN_UNREACHABLE_CODE = YES;
				CLANG_WARN__DUPLICATE_METHOD_MATCH = YES;
				"CODE_SIGN_IDENTITY[sdk=iphoneos*]" = "iPhone Developer";
				COPY_PHASE_STRIP = NO;
				DEBUG_INFORMATION_FORMAT = dwarf;
				ENABLE_STRICT_OBJC_MSGSEND = YES;
				ENABLE_TESTABILITY = YES;
				GCC_C_LANGUAGE_STANDARD = gnu99;
				GCC_DYNAMIC_NO_PIC = NO;
				GCC_NO_COMMON_BLOCKS = YES;
				GCC_OPTIMIZATION_LEVEL = 0;
				GCC_PREPROCESSOR_DEFINITIONS = (
					"DEBUG=1",
					"$(inherited)",
				);
				GCC_WARN_64_TO_32_BIT_CONVERSION = YES;
				GCC_WARN_ABOUT_RETURN_TYPE = YES_ERROR;
				GCC_WARN_UNDECLARED_SELECTOR = YES;
				GCC_WARN_UNINITIALIZED_AUTOS = YES_AGGRESSIVE;
				GCC_WARN_UNUSED_FUNCTION = YES;
				GCC_WARN_UNUSED_VARIABLE = YES;
				IPHONEOS_DEPLOYMENT_TARGET = 9.1;
				MTL_ENABLE_DEBUG_INFO = YES;
				ONLY_ACTIVE_ARCH = YES;
				SDKROOT = iphoneos;
				TARGETED_DEVICE_FAMILY = "1,2";
			};
			name = Debug;
		};
		D0D7170C1C1AA8EB0086E813 /* Release */ = {
			isa = XCBuildConfiguration;
			buildSettings = {
				ALWAYS_SEARCH_USER_PATHS = NO;
				CLANG_CXX_LANGUAGE_STANDARD = "gnu++0x";
				CLANG_CXX_LIBRARY = "libc++";
				CLANG_ENABLE_MODULES = YES;
				CLANG_ENABLE_OBJC_ARC = YES;
				CLANG_WARN_BOOL_CONVERSION = YES;
				CLANG_WARN_CONSTANT_CONVERSION = YES;
				CLANG_WARN_DIRECT_OBJC_ISA_USAGE = YES_ERROR;
				CLANG_WARN_EMPTY_BODY = YES;
				CLANG_WARN_ENUM_CONVERSION = YES;
				CLANG_WARN_INT_CONVERSION = YES;
				CLANG_WARN_OBJC_ROOT_CLASS = YES_ERROR;
				CLANG_WARN_UNREACHABLE_CODE = YES;
				CLANG_WARN__DUPLICATE_METHOD_MATCH = YES;
				"CODE_SIGN_IDENTITY[sdk=iphoneos*]" = "iPhone Developer";
				COPY_PHASE_STRIP = NO;
				DEBUG_INFORMATION_FORMAT = "dwarf-with-dsym";
				ENABLE_NS_ASSERTIONS = NO;
				ENABLE_STRICT_OBJC_MSGSEND = YES;
				GCC_C_LANGUAGE_STANDARD = gnu99;
				GCC_NO_COMMON_BLOCKS = YES;
				GCC_WARN_64_TO_32_BIT_CONVERSION = YES;
				GCC_WARN_ABOUT_RETURN_TYPE = YES_ERROR;
				GCC_WARN_UNDECLARED_SELECTOR = YES;
				GCC_WARN_UNINITIALIZED_AUTOS = YES_AGGRESSIVE;
				GCC_WARN_UNUSED_FUNCTION = YES;
				GCC_WARN_UNUSED_VARIABLE = YES;
				IPHONEOS_DEPLOYMENT_TARGET = 9.1;
				MTL_ENABLE_DEBUG_INFO = NO;
				SDKROOT = iphoneos;
				TARGETED_DEVICE_FAMILY = "1,2";
				VALIDATE_PRODUCT = YES;
			};
			name = Release;
		};
		D0D7170E1C1AA8EB0086E813 /* Debug */ = {
			isa = XCBuildConfiguration;
			buildSettings = {
				ASSETCATALOG_COMPILER_APPICON_NAME = AppIcon;
				ASSETCATALOG_COMPILER_LAUNCHIMAGE_NAME = "Brand Assets";
				CODE_SIGN_IDENTITY = "iPhone Developer";
				INFOPLIST_FILE = ImagePickerTest/Info.plist;
				LD_RUNPATH_SEARCH_PATHS = "$(inherited) @executable_path/Frameworks";
				PRODUCT_BUNDLE_IDENTIFIER = Chaoxinfan.ImagePickerTest;
				PRODUCT_NAME = "$(TARGET_NAME)";
				TARGETED_DEVICE_FAMILY = 1;
			};
			name = Debug;
		};
		D0D7170F1C1AA8EB0086E813 /* Release */ = {
			isa = XCBuildConfiguration;
			buildSettings = {
				ASSETCATALOG_COMPILER_APPICON_NAME = AppIcon;
				ASSETCATALOG_COMPILER_LAUNCHIMAGE_NAME = "Brand Assets";
				CODE_SIGN_IDENTITY = "iPhone Developer";
				INFOPLIST_FILE = ImagePickerTest/Info.plist;
				LD_RUNPATH_SEARCH_PATHS = "$(inherited) @executable_path/Frameworks";
				PRODUCT_BUNDLE_IDENTIFIER = Chaoxinfan.ImagePickerTest;
				PRODUCT_NAME = "$(TARGET_NAME)";
				TARGETED_DEVICE_FAMILY = 1;
			};
			name = Release;
		};
		D0D717111C1AA8EB0086E813 /* Debug */ = {
			isa = XCBuildConfiguration;
			buildSettings = {
				BUNDLE_LOADER = "$(TEST_HOST)";
				INFOPLIST_FILE = ImagePickerTestTests/Info.plist;
				LD_RUNPATH_SEARCH_PATHS = "$(inherited) @executable_path/Frameworks @loader_path/Frameworks";
				PRODUCT_BUNDLE_IDENTIFIER = Chaoxinfan.ImagePickerTestTests;
				PRODUCT_NAME = "$(TARGET_NAME)";
				TEST_HOST = "$(BUILT_PRODUCTS_DIR)/ImagePickerTest.app/ImagePickerTest";
			};
			name = Debug;
		};
		D0D717121C1AA8EB0086E813 /* Release */ = {
			isa = XCBuildConfiguration;
			buildSettings = {
				BUNDLE_LOADER = "$(TEST_HOST)";
				INFOPLIST_FILE = ImagePickerTestTests/Info.plist;
				LD_RUNPATH_SEARCH_PATHS = "$(inherited) @executable_path/Frameworks @loader_path/Frameworks";
				PRODUCT_BUNDLE_IDENTIFIER = Chaoxinfan.ImagePickerTestTests;
				PRODUCT_NAME = "$(TARGET_NAME)";
				TEST_HOST = "$(BUILT_PRODUCTS_DIR)/ImagePickerTest.app/ImagePickerTest";
			};
			name = Release;
		};
		D0D717141C1AA8EB0086E813 /* Debug */ = {
			isa = XCBuildConfiguration;
			buildSettings = {
				INFOPLIST_FILE = ImagePickerTestUITests/Info.plist;
				LD_RUNPATH_SEARCH_PATHS = "$(inherited) @executable_path/Frameworks @loader_path/Frameworks";
				PRODUCT_BUNDLE_IDENTIFIER = Chaoxinfan.ImagePickerTestUITests;
				PRODUCT_NAME = "$(TARGET_NAME)";
				TEST_TARGET_NAME = ImagePickerTest;
				USES_XCTRUNNER = YES;
			};
			name = Debug;
		};
		D0D717151C1AA8EB0086E813 /* Release */ = {
			isa = XCBuildConfiguration;
			buildSettings = {
				INFOPLIST_FILE = ImagePickerTestUITests/Info.plist;
				LD_RUNPATH_SEARCH_PATHS = "$(inherited) @executable_path/Frameworks @loader_path/Frameworks";
				PRODUCT_BUNDLE_IDENTIFIER = Chaoxinfan.ImagePickerTestUITests;
				PRODUCT_NAME = "$(TARGET_NAME)";
				TEST_TARGET_NAME = ImagePickerTest;
				USES_XCTRUNNER = YES;
			};
			name = Release;
		};
/* End XCBuildConfiguration section */

/* Begin XCConfigurationList section */
		D0D716DB1C1AA8EA0086E813 /* Build configuration list for PBXProject "ImagePickerTest" */ = {
			isa = XCConfigurationList;
			buildConfigurations = (
				D0D7170B1C1AA8EB0086E813 /* Debug */,
				D0D7170C1C1AA8EB0086E813 /* Release */,
			);
			defaultConfigurationIsVisible = 0;
			defaultConfigurationName = Release;
		};
		D0D7170D1C1AA8EB0086E813 /* Build configuration list for PBXNativeTarget "ImagePickerTest" */ = {
			isa = XCConfigurationList;
			buildConfigurations = (
				D0D7170E1C1AA8EB0086E813 /* Debug */,
				D0D7170F1C1AA8EB0086E813 /* Release */,
			);
			defaultConfigurationIsVisible = 0;
			defaultConfigurationName = Release;
		};
		D0D717101C1AA8EB0086E813 /* Build configuration list for PBXNativeTarget "ImagePickerTestTests" */ = {
			isa = XCConfigurationList;
			buildConfigurations = (
				D0D717111C1AA8EB0086E813 /* Debug */,
				D0D717121C1AA8EB0086E813 /* Release */,
			);
			defaultConfigurationIsVisible = 0;
			defaultConfigurationName = Release;
		};
		D0D717131C1AA8EB0086E813 /* Build configuration list for PBXNativeTarget "ImagePickerTestUITests" */ = {
			isa = XCConfigurationList;
			buildConfigurations = (
				D0D717141C1AA8EB0086E813 /* Debug */,
				D0D717151C1AA8EB0086E813 /* Release */,
			);
			defaultConfigurationIsVisible = 0;
			defaultConfigurationName = Release;
		};
/* End XCConfigurationList section */
	};
	rootObject = D0D716D81C1AA8EA0086E813 /* Project object */;
}
