// !$*UTF8*$!
{
	archiveVersion = 1;
	classes = {
	};
	objectVersion = 46;
	objects = {

/* Begin PBXBuildFile section */
		21C56B4F56687F25733060C1 /* libPods.a in Frameworks */ = {isa = PBXBuildFile; fileRef = 97C0C9FA461A67E32DC245E0 /* libPods.a */; };
		6306794F1C96BC2500BD8163 /* flag@2x.png in Resources */ = {isa = PBXBuildFile; fileRef = 6306794E1C96BC2500BD8163 /* flag@2x.png */; };
		630679511C96BC3300BD8163 /* mineButtonBorder@2x.png in Resources */ = {isa = PBXBuildFile; fileRef = 630679501C96BC3300BD8163 /* mineButtonBorder@2x.png */; };
		630679531C96BC3900BD8163 /* mineCryFace@2x.png in Resources */ = {isa = PBXBuildFile; fileRef = 630679521C96BC3900BD8163 /* mineCryFace@2x.png */; };
		630679551C96BC4300BD8163 /* mineSmileFace@2x.png in Resources */ = {isa = PBXBuildFile; fileRef = 630679541C96BC4300BD8163 /* mineSmileFace@2x.png */; };
		630CE3F41CABDAF900D2906A /* mineClicked.wav in Resources */ = {isa = PBXBuildFile; fileRef = 630CE3F31CABDAF900D2906A /* mineClicked.wav */; };
		638782291CD2576300943629 /* CYLTabBarControllerConfig.m in Sources */ = {isa = PBXBuildFile; fileRef = 638782281CD2576300943629 /* CYLTabBarControllerConfig.m */; };
		63A8042F1CD25977001B23C1 /* CYLHomeViewController.m in Sources */ = {isa = PBXBuildFile; fileRef = 63A804201CD25977001B23C1 /* CYLHomeViewController.m */; };
		63A804301CD25977001B23C1 /* CYLMessageViewController.m in Sources */ = {isa = PBXBuildFile; fileRef = 63A804231CD25977001B23C1 /* CYLMessageViewController.m */; };
		63A804311CD25977001B23C1 /* CYLMineViewController.m in Sources */ = {isa = PBXBuildFile; fileRef = 63A804261CD25977001B23C1 /* CYLMineViewController.m */; };
		63A804321CD25977001B23C1 /* CYLDetailsViewController.m in Sources */ = {isa = PBXBuildFile; fileRef = 63A804291CD25977001B23C1 /* CYLDetailsViewController.m */; };
		63A804331CD25977001B23C1 /* CYLSameCityViewController.m in Sources */ = {isa = PBXBuildFile; fileRef = 63A8042B1CD25977001B23C1 /* CYLSameCityViewController.m */; };
		63A804341CD25977001B23C1 /* CYLPlusButtonSubclass.m in Sources */ = {isa = PBXBuildFile; fileRef = 63A8042E1CD25977001B23C1 /* CYLPlusButtonSubclass.m */; };
		63A804DD1CD25DD8001B23C1 /* Images.xcassets in Resources */ = {isa = PBXBuildFile; fileRef = 63A804DC1CD25DD8001B23C1 /* Images.xcassets */; };
		63CB96091CD9CBB1002D4994 /* DBManager.m in Sources */ = {isa = PBXBuildFile; fileRef = 63CB96081CD9CBB1002D4994 /* DBManager.m */; };
		63DB84621CACCFC30079E0B5 /* AppDelegate+Audio.m in Sources */ = {isa = PBXBuildFile; fileRef = 63DB84611CACCFC30079E0B5 /* AppDelegate+Audio.m */; };
		63FA7EE31CC9AE3300FDDD05 /* Default-568h@2x.png in Resources */ = {isa = PBXBuildFile; fileRef = 63FA7EDF1CC9AE3300FDDD05 /* Default-568h@2x.png */; };
		63FA7EE41CC9AE3300FDDD05 /* Default.png in Resources */ = {isa = PBXBuildFile; fileRef = 63FA7EE01CC9AE3300FDDD05 /* Default.png */; };
		63FA7EE51CC9AE3300FDDD05 /* Default@2x.png in Resources */ = {isa = PBXBuildFile; fileRef = 63FA7EE11CC9AE3300FDDD05 /* Default@2x.png */; };
		63FA7EE61CC9AE3300FDDD05 /* icon@2x.png in Resources */ = {isa = PBXBuildFile; fileRef = 63FA7EE21CC9AE3300FDDD05 /* icon@2x.png */; };
		D0C9C54A1C3BA8F90087D987 /* bomb@2x.jpg in Resources */ = {isa = PBXBuildFile; fileRef = D0C9C5491C3BA8F90087D987 /* bomb@2x.jpg */; };
		D0C9C54D1C3BA9210087D987 /* HHCollectionViewCell.m in Sources */ = {isa = PBXBuildFile; fileRef = D0C9C54C1C3BA9210087D987 /* HHCollectionViewCell.m */; };
		D0C9C5501C3BAB780087D987 /* HHBombItem.m in Sources */ = {isa = PBXBuildFile; fileRef = D0C9C54F1C3BAB780087D987 /* HHBombItem.m */; };
		D0D716E51C1AA8EB0086E813 /* main.m in Sources */ = {isa = PBXBuildFile; fileRef = D0D716E41C1AA8EB0086E813 /* main.m */; };
		D0D716E81C1AA8EB0086E813 /* AppDelegate.m in Sources */ = {isa = PBXBuildFile; fileRef = D0D716E71C1AA8EB0086E813 /* AppDelegate.m */; };
		D0D716EB1C1AA8EB0086E813 /* ViewController.m in Sources */ = {isa = PBXBuildFile; fileRef = D0D716EA1C1AA8EB0086E813 /* ViewController.m */; };
		D0D716EE1C1AA8EB0086E813 /* Main.storyboard in Resources */ = {isa = PBXBuildFile; fileRef = D0D716EC1C1AA8EB0086E813 /* Main.storyboard */; };
		D0D716F01C1AA8EB0086E813 /* Assets.xcassets in Resources */ = {isa = PBXBuildFile; fileRef = D0D716EF1C1AA8EB0086E813 /* Assets.xcassets */; };
		D0D716F31C1AA8EB0086E813 /* LaunchScreen.storyboard in Resources */ = {isa = PBXBuildFile; fileRef = D0D716F11C1AA8EB0086E813 /* LaunchScreen.storyboard */; };
		D0D716FE1C1AA8EB0086E813 /* ImagePickerTestTests.m in Sources */ = {isa = PBXBuildFile; fileRef = D0D716FD1C1AA8EB0086E813 /* ImagePickerTestTests.m */; };
		D0D717091C1AA8EB0086E813 /* ImagePickerTestUITests.m in Sources */ = {isa = PBXBuildFile; fileRef = D0D717081C1AA8EB0086E813 /* ImagePickerTestUITests.m */; };
/* End PBXBuildFile section */

/* Begin PBXContainerItemProxy section */
		D0D716FA1C1AA8EB0086E813 /* PBXContainerItemProxy */ = {
			isa = PBXContainerItemProxy;
			containerPortal = D0D716D81C1AA8EA0086E813 /* Project object */;
			proxyType = 1;
			remoteGlobalIDString = D0D716DF1C1AA8EB0086E813;
			remoteInfo = ImagePickerTest;
		};
		D0D717051C1AA8EB0086E813 /* PBXContainerItemProxy */ = {
			isa = PBXContainerItemProxy;
			containerPortal = D0D716D81C1AA8EA0086E813 /* Project object */;
			proxyType = 1;
			remoteGlobalIDString = D0D716DF1C1AA8EB0086E813;
			remoteInfo = ImagePickerTest;
		};
/* End PBXContainerItemProxy section */

/* Begin PBXFileReference section */
		02B62DBAF94073880AC40E8F /* Pods.debug.xcconfig */ = {isa = PBXFileReference; includeInIndex = 1; lastKnownFileType = text.xcconfig; name = Pods.debug.xcconfig; path = "Pods/Target Support Files/Pods/Pods.debug.xcconfig"; sourceTree = "<group>"; };
		1702E09E05F579E31B137A97 /* Pods.release.xcconfig */ = {isa = PBXFileReference; includeInIndex = 1; lastKnownFileType = text.xcconfig; name = Pods.release.xcconfig; path = "Pods/Target Support Files/Pods/Pods.release.xcconfig"; sourceTree = "<group>"; };
		6306794E1C96BC2500BD8163 /* flag@2x.png */ = {isa = PBXFileReference; lastKnownFileType = image.png; path = "flag@2x.png"; sourceTree = "<group>"; };
		630679501C96BC3300BD8163 /* mineButtonBorder@2x.png */ = {isa = PBXFileReference; lastKnownFileType = image.png; path = "mineButtonBorder@2x.png"; sourceTree = "<group>"; };
		630679521C96BC3900BD8163 /* mineCryFace@2x.png */ = {isa = PBXFileReference; lastKnownFileType = image.png; path = "mineCryFace@2x.png"; sourceTree = "<group>"; };
		630679541C96BC4300BD8163 /* mineSmileFace@2x.png */ = {isa = PBXFileReference; lastKnownFileType = image.png; path = "mineSmileFace@2x.png"; sourceTree = "<group>"; };
		630CE3F31CABDAF900D2906A /* mineClicked.wav */ = {isa = PBXFileReference; lastKnownFileType = audio.wav; path = mineClicked.wav; sourceTree = "<group>"; };
		638782271CD2576300943629 /* CYLTabBarControllerConfig.h */ = {isa = PBXFileReference; fileEncoding = 4; lastKnownFileType = sourcecode.c.h; name = CYLTabBarControllerConfig.h; path = TabBarConfig/CYLTabBarControllerConfig.h; sourceTree = "<group>"; };
		638782281CD2576300943629 /* CYLTabBarControllerConfig.m */ = {isa = PBXFileReference; fileEncoding = 4; lastKnownFileType = sourcecode.c.objc; name = CYLTabBarControllerConfig.m; path = TabBarConfig/CYLTabBarControllerConfig.m; sourceTree = "<group>"; };
		63A8041F1CD25977001B23C1 /* CYLHomeViewController.h */ = {isa = PBXFileReference; fileEncoding = 4; lastKnownFileType = sourcecode.c.h; path = CYLHomeViewController.h; sourceTree = "<group>"; };
		63A804201CD25977001B23C1 /* CYLHomeViewController.m */ = {isa = PBXFileReference; fileEncoding = 4; lastKnownFileType = sourcecode.c.objc; path = CYLHomeViewController.m; sourceTree = "<group>"; };
		63A804221CD25977001B23C1 /* CYLMessageViewController.h */ = {isa = PBXFileReference; fileEncoding = 4; lastKnownFileType = sourcecode.c.h; path = CYLMessageViewController.h; sourceTree = "<group>"; };
		63A804231CD25977001B23C1 /* CYLMessageViewController.m */ = {isa = PBXFileReference; fileEncoding = 4; lastKnownFileType = sourcecode.c.objc; path = CYLMessageViewController.m; sourceTree = "<group>"; };
		63A804251CD25977001B23C1 /* CYLMineViewController.h */ = {isa = PBXFileReference; fileEncoding = 4; lastKnownFileType = sourcecode.c.h; path = CYLMineViewController.h; sourceTree = "<group>"; };
		63A804261CD25977001B23C1 /* CYLMineViewController.m */ = {isa = PBXFileReference; fileEncoding = 4; lastKnownFileType = sourcecode.c.objc; path = CYLMineViewController.m; sourceTree = "<group>"; };
		63A804281CD25977001B23C1 /* CYLDetailsViewController.h */ = {isa = PBXFileReference; fileEncoding = 4; lastKnownFileType = sourcecode.c.h; path = CYLDetailsViewController.h; sourceTree = "<group>"; };
		63A804291CD25977001B23C1 /* CYLDetailsViewController.m */ = {isa = PBXFileReference; fileEncoding = 4; lastKnownFileType = sourcecode.c.objc; path = CYLDetailsViewController.m; sourceTree = "<group>"; };
		63A8042A1CD25977001B23C1 /* CYLSameCityViewController.h */ = {isa = PBXFileReference; fileEncoding = 4; lastKnownFileType = sourcecode.c.h; path = CYLSameCityViewController.h; sourceTree = "<group>"; };
		63A8042B1CD25977001B23C1 /* CYLSameCityViewController.m */ = {isa = PBXFileReference; fileEncoding = 4; lastKnownFileType = sourcecode.c.objc; path = CYLSameCityViewController.m; sourceTree = "<group>"; };
		63A8042D1CD25977001B23C1 /* CYLPlusButtonSubclass.h */ = {isa = PBXFileReference; fileEncoding = 4; lastKnownFileType = sourcecode.c.h; path = CYLPlusButtonSubclass.h; sourceTree = "<group>"; };
		63A8042E1CD25977001B23C1 /* CYLPlusButtonSubclass.m */ = {isa = PBXFileReference; fileEncoding = 4; lastKnownFileType = sourcecode.c.objc; path = CYLPlusButtonSubclass.m; sourceTree = "<group>"; };
		63A804DC1CD25DD8001B23C1 /* Images.xcassets */ = {isa = PBXFileReference; lastKnownFileType = folder.assetcatalog; path = Images.xcassets; sourceTree = "<group>"; };
		63CB96071CD9CBB1002D4994 /* DBManager.h */ = {isa = PBXFileReference; fileEncoding = 4; lastKnownFileType = sourcecode.c.h; path = DBManager.h; sourceTree = "<group>"; };
		63CB96081CD9CBB1002D4994 /* DBManager.m */ = {isa = PBXFileReference; fileEncoding = 4; lastKnownFileType = sourcecode.c.objc; path = DBManager.m; sourceTree = "<group>"; };
		63DB84601CACCFC30079E0B5 /* AppDelegate+Audio.h */ = {isa = PBXFileReference; fileEncoding = 4; lastKnownFileType = sourcecode.c.h; path = "AppDelegate+Audio.h"; sourceTree = "<group>"; };
		63DB84611CACCFC30079E0B5 /* AppDelegate+Audio.m */ = {isa = PBXFileReference; fileEncoding = 4; lastKnownFileType = sourcecode.c.objc; path = "AppDelegate+Audio.m"; sourceTree = "<group>"; };
		63FA7EDF1CC9AE3300FDDD05 /* Default-568h@2x.png */ = {isa = PBXFileReference; lastKnownFileType = image.png; path = "Default-568h@2x.png"; sourceTree = "<group>"; };
		63FA7EE01CC9AE3300FDDD05 /* Default.png */ = {isa = PBXFileReference; lastKnownFileType = image.png; path = Default.png; sourceTree = "<group>"; };
		63FA7EE11CC9AE3300FDDD05 /* Default@2x.png */ = {isa = PBXFileReference; lastKnownFileType = image.png; path = "Default@2x.png"; sourceTree = "<group>"; };
		63FA7EE21CC9AE3300FDDD05 /* icon@2x.png */ = {isa = PBXFileReference; lastKnownFileType = image.png; path = "icon@2x.png"; sourceTree = "<group>"; };
		63FA7F271CCA1B8700FDDD05 /* MacroDefine.pch */ = {isa = PBXFileReference; fileEncoding = 4; lastKnownFileType = sourcecode.c.h; name = MacroDefine.pch; path = pch/MacroDefine.pch; sourceTree = SOURCE_ROOT; };
		97C0C9FA461A67E32DC245E0 /* libPods.a */ = {isa = PBXFileReference; explicitFileType = archive.ar; includeInIndex = 0; path = libPods.a; sourceTree = BUILT_PRODUCTS_DIR; };
		D0C9C5491C3BA8F90087D987 /* bomb@2x.jpg */ = {isa = PBXFileReference; lastKnownFileType = image.jpeg; path = "bomb@2x.jpg"; sourceTree = "<group>"; };
		D0C9C54B1C3BA9210087D987 /* HHCollectionViewCell.h */ = {isa = PBXFileReference; fileEncoding = 4; lastKnownFileType = sourcecode.c.h; path = HHCollectionViewCell.h; sourceTree = "<group>"; };
		D0C9C54C1C3BA9210087D987 /* HHCollectionViewCell.m */ = {isa = PBXFileReference; fileEncoding = 4; lastKnownFileType = sourcecode.c.objc; path = HHCollectionViewCell.m; sourceTree = "<group>"; };
		D0C9C54E1C3BAB780087D987 /* HHBombItem.h */ = {isa = PBXFileReference; fileEncoding = 4; lastKnownFileType = sourcecode.c.h; path = HHBombItem.h; sourceTree = "<group>"; };
		D0C9C54F1C3BAB780087D987 /* HHBombItem.m */ = {isa = PBXFileReference; fileEncoding = 4; lastKnownFileType = sourcecode.c.objc; path = HHBombItem.m; sourceTree = "<group>"; };
		D0D716E01C1AA8EB0086E813 /* MineGame.app */ = {isa = PBXFileReference; explicitFileType = wrapper.application; includeInIndex = 0; path = MineGame.app; sourceTree = BUILT_PRODUCTS_DIR; };
		D0D716E41C1AA8EB0086E813 /* main.m */ = {isa = PBXFileReference; lastKnownFileType = sourcecode.c.objc; path = main.m; sourceTree = "<group>"; };
		D0D716E61C1AA8EB0086E813 /* AppDelegate.h */ = {isa = PBXFileReference; lastKnownFileType = sourcecode.c.h; path = AppDelegate.h; sourceTree = "<group>"; };
		D0D716E71C1AA8EB0086E813 /* AppDelegate.m */ = {isa = PBXFileReference; lastKnownFileType = sourcecode.c.objc; path = AppDelegate.m; sourceTree = "<group>"; };
		D0D716E91C1AA8EB0086E813 /* ViewController.h */ = {isa = PBXFileReference; lastKnownFileType = sourcecode.c.h; path = ViewController.h; sourceTree = "<group>"; };
		D0D716EA1C1AA8EB0086E813 /* ViewController.m */ = {isa = PBXFileReference; lastKnownFileType = sourcecode.c.objc; path = ViewController.m; sourceTree = "<group>"; };
		D0D716ED1C1AA8EB0086E813 /* Base */ = {isa = PBXFileReference; lastKnownFileType = file.storyboard; name = Base; path = Base.lproj/Main.storyboard; sourceTree = "<group>"; };
		D0D716EF1C1AA8EB0086E813 /* Assets.xcassets */ = {isa = PBXFileReference; lastKnownFileType = folder.assetcatalog; path = Assets.xcassets; sourceTree = "<group>"; };
		D0D716F21C1AA8EB0086E813 /* Base */ = {isa = PBXFileReference; lastKnownFileType = file.storyboard; name = Base; path = Base.lproj/LaunchScreen.storyboard; sourceTree = "<group>"; };
		D0D716F41C1AA8EB0086E813 /* Info.plist */ = {isa = PBXFileReference; lastKnownFileType = text.plist.xml; path = Info.plist; sourceTree = "<group>"; };
		D0D716F91C1AA8EB0086E813 /* MineGame.xctest */ = {isa = PBXFileReference; explicitFileType = wrapper.cfbundle; includeInIndex = 0; path = MineGame.xctest; sourceTree = BUILT_PRODUCTS_DIR; };
		D0D716FD1C1AA8EB0086E813 /* ImagePickerTestTests.m */ = {isa = PBXFileReference; lastKnownFileType = sourcecode.c.objc; path = ImagePickerTestTests.m; sourceTree = "<group>"; };
		D0D716FF1C1AA8EB0086E813 /* Info.plist */ = {isa = PBXFileReference; lastKnownFileType = text.plist.xml; path = Info.plist; sourceTree = "<group>"; };
		D0D717041C1AA8EB0086E813 /* MineGame.xctest */ = {isa = PBXFileReference; explicitFileType = wrapper.cfbundle; includeInIndex = 0; path = MineGame.xctest; sourceTree = BUILT_PRODUCTS_DIR; };
		D0D717081C1AA8EB0086E813 /* ImagePickerTestUITests.m */ = {isa = PBXFileReference; lastKnownFileType = sourcecode.c.objc; path = ImagePickerTestUITests.m; sourceTree = "<group>"; };
		D0D7170A1C1AA8EB0086E813 /* Info.plist */ = {isa = PBXFileReference; lastKnownFileType = text.plist.xml; path = Info.plist; sourceTree = "<group>"; };
/* End PBXFileReference section */

/* Begin PBXFrameworksBuildPhase section */
		D0D716DD1C1AA8EB0086E813 /* Frameworks */ = {
			isa = PBXFrameworksBuildPhase;
			buildActionMask = 2147483647;
			files = (
				21C56B4F56687F25733060C1 /* libPods.a in Frameworks */,
			);
			runOnlyForDeploymentPostprocessing = 0;
		};
		D0D716F61C1AA8EB0086E813 /* Frameworks */ = {
			isa = PBXFrameworksBuildPhase;
			buildActionMask = 2147483647;
			files = (
			);
			runOnlyForDeploymentPostprocessing = 0;
		};
		D0D717011C1AA8EB0086E813 /* Frameworks */ = {
			isa = PBXFrameworksBuildPhase;
			buildActionMask = 2147483647;
			files = (
			);
			runOnlyForDeploymentPostprocessing = 0;
		};
/* End PBXFrameworksBuildPhase section */

/* Begin PBXGroup section */
		2AB27C07EA78D4948EA1DADC /* Frameworks */ = {
			isa = PBXGroup;
			children = (
				97C0C9FA461A67E32DC245E0 /* libPods.a */,
			);
			name = Frameworks;
			sourceTree = "<group>";
		};
		630CE3F21CABDAF900D2906A /* audioResource */ = {
			isa = PBXGroup;
			children = (
				630CE3F31CABDAF900D2906A /* mineClicked.wav */,
			);
			path = audioResource;
			sourceTree = "<group>";
		};
		6358632D1CCDE02A002417BD /* audioLib */ = {
			isa = PBXGroup;
			children = (
				63DB84601CACCFC30079E0B5 /* AppDelegate+Audio.h */,
				63DB84611CACCFC30079E0B5 /* AppDelegate+Audio.m */,
			);
			name = audioLib;
			sourceTree = "<group>";
		};
		6358632E1CCDE0A3002417BD /* MineModel */ = {
			isa = PBXGroup;
			children = (
				D0C9C54E1C3BAB780087D987 /* HHBombItem.h */,
				D0C9C54F1C3BAB780087D987 /* HHBombItem.m */,
			);
			name = MineModel;
			sourceTree = "<group>";
		};
		6358632F1CCDE0C2002417BD /* pch */ = {
			isa = PBXGroup;
			children = (
				63FA7F271CCA1B8700FDDD05 /* MacroDefine.pch */,
			);
			name = pch;
			sourceTree = "<group>";
		};
		635863301CCDE0D2002417BD /* MineView */ = {
			isa = PBXGroup;
			children = (
				D0C9C54B1C3BA9210087D987 /* HHCollectionViewCell.h */,
				D0C9C54C1C3BA9210087D987 /* HHCollectionViewCell.m */,
			);
			name = MineView;
			sourceTree = "<group>";
		};
		635863311CCDE0E2002417BD /* MainViewController */ = {
			isa = PBXGroup;
			children = (
				D0D716E91C1AA8EB0086E813 /* ViewController.h */,
				D0D716EA1C1AA8EB0086E813 /* ViewController.m */,
				D0D716EC1C1AA8EB0086E813 /* Main.storyboard */,
			);
			name = MainViewController;
			sourceTree = "<group>";
		};
		63875DC71CD095B40053385B /* AppDele */ = {
			isa = PBXGroup;
			children = (
				638782271CD2576300943629 /* CYLTabBarControllerConfig.h */,
				638782281CD2576300943629 /* CYLTabBarControllerConfig.m */,
				D0D716E61C1AA8EB0086E813 /* AppDelegate.h */,
				D0D716E71C1AA8EB0086E813 /* AppDelegate.m */,
			);
			name = AppDele;
			sourceTree = "<group>";
		};
		63A8041C1CD25977001B23C1 /* CYLTabBarClasses */ = {
			isa = PBXGroup;
			children = (
				63A8041D1CD25977001B23C1 /* Module */,
				63A8042C1CD25977001B23C1 /* View */,
			);
			name = CYLTabBarClasses;
			path = ImagePickerTest/Classes;
			sourceTree = "<group>";
		};
		63A8041D1CD25977001B23C1 /* Module */ = {
			isa = PBXGroup;
			children = (
				63A8041E1CD25977001B23C1 /* Home */,
				63A804211CD25977001B23C1 /* Message */,
				63A804241CD25977001B23C1 /* Mine */,
				63A804271CD25977001B23C1 /* SameCity */,
			);
			path = Module;
			sourceTree = "<group>";
		};
		63A8041E1CD25977001B23C1 /* Home */ = {
			isa = PBXGroup;
			children = (
				63A8041F1CD25977001B23C1 /* CYLHomeViewController.h */,
				63A804201CD25977001B23C1 /* CYLHomeViewController.m */,
			);
			path = Home;
			sourceTree = "<group>";
		};
		63A804211CD25977001B23C1 /* Message */ = {
			isa = PBXGroup;
			children = (
				63A804221CD25977001B23C1 /* CYLMessageViewController.h */,
				63A804231CD25977001B23C1 /* CYLMessageViewController.m */,
			);
			path = Message;
			sourceTree = "<group>";
		};
		63A804241CD25977001B23C1 /* Mine */ = {
			isa = PBXGroup;
			children = (
				63A804251CD25977001B23C1 /* CYLMineViewController.h */,
				63A804261CD25977001B23C1 /* CYLMineViewController.m */,
			);
			path = Mine;
			sourceTree = "<group>";
		};
		63A804271CD25977001B23C1 /* SameCity */ = {
			isa = PBXGroup;
			children = (
				63A804281CD25977001B23C1 /* CYLDetailsViewController.h */,
				63A804291CD25977001B23C1 /* CYLDetailsViewController.m */,
				63A8042A1CD25977001B23C1 /* CYLSameCityViewController.h */,
				63A8042B1CD25977001B23C1 /* CYLSameCityViewController.m */,
			);
			path = SameCity;
			sourceTree = "<group>";
		};
		63A8042C1CD25977001B23C1 /* View */ = {
			isa = PBXGroup;
			children = (
				63A8042D1CD25977001B23C1 /* CYLPlusButtonSubclass.h */,
				63A8042E1CD25977001B23C1 /* CYLPlusButtonSubclass.m */,
			);
			path = View;
			sourceTree = "<group>";
		};
		63CB96061CD9CB4C002D4994 /* manager */ = {
			isa = PBXGroup;
			children = (
				63CB96071CD9CBB1002D4994 /* DBManager.h */,
				63CB96081CD9CBB1002D4994 /* DBManager.m */,
			);
			name = manager;
			sourceTree = "<group>";
		};
		63FE10AF1CBED574002EE082 /* picResource */ = {
			isa = PBXGroup;
			children = (
				63FA7EDF1CC9AE3300FDDD05 /* Default-568h@2x.png */,
				63FA7EE01CC9AE3300FDDD05 /* Default.png */,
				63FA7EE11CC9AE3300FDDD05 /* Default@2x.png */,
				63FA7EE21CC9AE3300FDDD05 /* icon@2x.png */,
				630679541C96BC4300BD8163 /* mineSmileFace@2x.png */,
				630679521C96BC3900BD8163 /* mineCryFace@2x.png */,
				630679501C96BC3300BD8163 /* mineButtonBorder@2x.png */,
				6306794E1C96BC2500BD8163 /* flag@2x.png */,
				D0C9C5491C3BA8F90087D987 /* bomb@2x.jpg */,
			);
			name = picResource;
			sourceTree = "<group>";
		};
		63FE10B01CBED588002EE082 /* Resouces */ = {
			isa = PBXGroup;
			children = (
				63A804DC1CD25DD8001B23C1 /* Images.xcassets */,
				63FE10AF1CBED574002EE082 /* picResource */,
				630CE3F21CABDAF900D2906A /* audioResource */,
				D0D716E31C1AA8EB0086E813 /* Supporting Files */,
				D0D716F11C1AA8EB0086E813 /* LaunchScreen.storyboard */,
				D0D716F41C1AA8EB0086E813 /* Info.plist */,
				D0D716EF1C1AA8EB0086E813 /* Assets.xcassets */,
			);
			name = Resouces;
			path = ImagePickerTest;
			sourceTree = "<group>";
		};
		63FE10B11CBED5F9002EE082 /* codeFile */ = {
			isa = PBXGroup;
			children = (
				63CB96061CD9CB4C002D4994 /* manager */,
				6358632F1CCDE0C2002417BD /* pch */,
				6358632D1CCDE02A002417BD /* audioLib */,
				6358632E1CCDE0A3002417BD /* MineModel */,
				635863301CCDE0D2002417BD /* MineView */,
				635863311CCDE0E2002417BD /* MainViewController */,
				63875DC71CD095B40053385B /* AppDele */,
			);
			name = codeFile;
			sourceTree = "<group>";
		};
		9BCC7A09A4A6EE6A1CD9BF35 /* Pods */ = {
			isa = PBXGroup;
			children = (
				02B62DBAF94073880AC40E8F /* Pods.debug.xcconfig */,
				1702E09E05F579E31B137A97 /* Pods.release.xcconfig */,
			);
			name = Pods;
			sourceTree = "<group>";
		};
		D0D716D71C1AA8EA0086E813 = {
			isa = PBXGroup;
			children = (
				63A8041C1CD25977001B23C1 /* CYLTabBarClasses */,
				63FE10B01CBED588002EE082 /* Resouces */,
				D0D716E21C1AA8EB0086E813 /* allCodeFiles */,
				D0D717071C1AA8EB0086E813 /* useless */,
				D0D716E11C1AA8EB0086E813 /* Products */,
				9BCC7A09A4A6EE6A1CD9BF35 /* Pods */,
				2AB27C07EA78D4948EA1DADC /* Frameworks */,
			);
			sourceTree = "<group>";
		};
		D0D716E11C1AA8EB0086E813 /* Products */ = {
			isa = PBXGroup;
			children = (
				D0D716E01C1AA8EB0086E813 /* MineGame.app */,
				D0D716F91C1AA8EB0086E813 /* MineGame.xctest */,
				D0D717041C1AA8EB0086E813 /* MineGame.xctest */,
			);
			name = Products;
			sourceTree = "<group>";
		};
		D0D716E21C1AA8EB0086E813 /* allCodeFiles */ = {
			isa = PBXGroup;
			children = (
				63FE10B11CBED5F9002EE082 /* codeFile */,
			);
			name = allCodeFiles;
			path = ImagePickerTest;
			sourceTree = "<group>";
		};
		D0D716E31C1AA8EB0086E813 /* Supporting Files */ = {
			isa = PBXGroup;
			children = (
				D0D716E41C1AA8EB0086E813 /* main.m */,
			);
			name = "Supporting Files";
			sourceTree = "<group>";
		};
		D0D716FC1C1AA8EB0086E813 /* MineGameTests */ = {
			isa = PBXGroup;
			children = (
				D0D716FD1C1AA8EB0086E813 /* ImagePickerTestTests.m */,
				D0D716FF1C1AA8EB0086E813 /* Info.plist */,
			);
			name = MineGameTests;
			path = ../ImagePickerTestTests;
			sourceTree = "<group>";
		};
		D0D717071C1AA8EB0086E813 /* useless */ = {
			isa = PBXGroup;
			children = (
				D0D716FC1C1AA8EB0086E813 /* MineGameTests */,
				D0D717081C1AA8EB0086E813 /* ImagePickerTestUITests.m */,
				D0D7170A1C1AA8EB0086E813 /* Info.plist */,
			);
			name = useless;
			path = ImagePickerTestUITests;
			sourceTree = "<group>";
		};
/* End PBXGroup section */

/* Begin PBXNativeTarget section */
		D0D716DF1C1AA8EB0086E813 /* MineGame */ = {
			isa = PBXNativeTarget;
			buildConfigurationList = D0D7170D1C1AA8EB0086E813 /* Build configuration list for PBXNativeTarget "MineGame" */;
			buildPhases = (
				D1A2F2BF4443E8DEFDE10AD8 /* Check Pods Manifest.lock */,
				D0D716DC1C1AA8EB0086E813 /* Sources */,
				D0D716DD1C1AA8EB0086E813 /* Frameworks */,
				D0D716DE1C1AA8EB0086E813 /* Resources */,
				5A5C569419A743E08BBD86C7 /* Embed Pods Frameworks */,
				6A58E93D8FB3A088A1B272A1 /* Copy Pods Resources */,
			);
			buildRules = (
			);
			dependencies = (
			);
			name = MineGame;
			productName = ImagePickerTest;
			productReference = D0D716E01C1AA8EB0086E813 /* MineGame.app */;
			productType = "com.apple.product-type.application";
		};
		D0D716F81C1AA8EB0086E813 /* MineGameTests */ = {
			isa = PBXNativeTarget;
			buildConfigurationList = D0D717101C1AA8EB0086E813 /* Build configuration list for PBXNativeTarget "MineGameTests" */;
			buildPhases = (
				D0D716F51C1AA8EB0086E813 /* Sources */,
				D0D716F61C1AA8EB0086E813 /* Frameworks */,
				D0D716F71C1AA8EB0086E813 /* Resources */,
			);
			buildRules = (
			);
			dependencies = (
				D0D716FB1C1AA8EB0086E813 /* PBXTargetDependency */,
			);
			name = MineGameTests;
			productName = ImagePickerTestTests;
			productReference = D0D716F91C1AA8EB0086E813 /* MineGame.xctest */;
			productType = "com.apple.product-type.bundle.unit-test";
		};
		D0D717031C1AA8EB0086E813 /* MineGameUITests */ = {
			isa = PBXNativeTarget;
			buildConfigurationList = D0D717131C1AA8EB0086E813 /* Build configuration list for PBXNativeTarget "MineGameUITests" */;
			buildPhases = (
				D0D717001C1AA8EB0086E813 /* Sources */,
				D0D717011C1AA8EB0086E813 /* Frameworks */,
				D0D717021C1AA8EB0086E813 /* Resources */,
			);
			buildRules = (
			);
			dependencies = (
				D0D717061C1AA8EB0086E813 /* PBXTargetDependency */,
			);
			name = MineGameUITests;
			productName = ImagePickerTestUITests;
			productReference = D0D717041C1AA8EB0086E813 /* MineGame.xctest */;
			productType = "com.apple.product-type.bundle.ui-testing";
		};
/* End PBXNativeTarget section */

/* Begin PBXProject section */
		D0D716D81C1AA8EA0086E813 /* Project object */ = {
			isa = PBXProject;
			attributes = {
				LastUpgradeCheck = 0710;
				ORGANIZATIONNAME = .Mr.SupEr;
				TargetAttributes = {
					D0D716DF1C1AA8EB0086E813 = {
						CreatedOnToolsVersion = 7.1;
					};
					D0D716F81C1AA8EB0086E813 = {
						CreatedOnToolsVersion = 7.1;
						TestTargetID = D0D716DF1C1AA8EB0086E813;
					};
					D0D717031C1AA8EB0086E813 = {
						CreatedOnToolsVersion = 7.1;
						TestTargetID = D0D716DF1C1AA8EB0086E813;
					};
				};
			};
			buildConfigurationList = D0D716DB1C1AA8EA0086E813 /* Build configuration list for PBXProject "MineGame" */;
			compatibilityVersion = "Xcode 3.2";
			developmentRegion = English;
			hasScannedForEncodings = 0;
			knownRegions = (
				en,
				Base,
			);
			mainGroup = D0D716D71C1AA8EA0086E813;
			productRefGroup = D0D716E11C1AA8EB0086E813 /* Products */;
			projectDirPath = "";
			projectRoot = "";
			targets = (
				D0D716DF1C1AA8EB0086E813 /* MineGame */,
				D0D716F81C1AA8EB0086E813 /* MineGameTests */,
				D0D717031C1AA8EB0086E813 /* MineGameUITests */,
			);
		};
/* End PBXProject section */

/* Begin PBXResourcesBuildPhase section */
		D0D716DE1C1AA8EB0086E813 /* Resources */ = {
			isa = PBXResourcesBuildPhase;
			buildActionMask = 2147483647;
			files = (
				630CE3F41CABDAF900D2906A /* mineClicked.wav in Resources */,
				63FA7EE31CC9AE3300FDDD05 /* Default-568h@2x.png in Resources */,
				D0C9C54A1C3BA8F90087D987 /* bomb@2x.jpg in Resources */,
				D0D716F31C1AA8EB0086E813 /* LaunchScreen.storyboard in Resources */,
				63FA7EE51CC9AE3300FDDD05 /* Default@2x.png in Resources */,
				6306794F1C96BC2500BD8163 /* flag@2x.png in Resources */,
				630679551C96BC4300BD8163 /* mineSmileFace@2x.png in Resources */,
				63FA7EE61CC9AE3300FDDD05 /* icon@2x.png in Resources */,
				63FA7EE41CC9AE3300FDDD05 /* Default.png in Resources */,
				63A804DD1CD25DD8001B23C1 /* Images.xcassets in Resources */,
				D0D716F01C1AA8EB0086E813 /* Assets.xcassets in Resources */,
				D0D716EE1C1AA8EB0086E813 /* Main.storyboard in Resources */,
				630679531C96BC3900BD8163 /* mineCryFace@2x.png in Resources */,
				630679511C96BC3300BD8163 /* mineButtonBorder@2x.png in Resources */,
			);
			runOnlyForDeploymentPostprocessing = 0;
		};
		D0D716F71C1AA8EB0086E813 /* Resources */ = {
			isa = PBXResourcesBuildPhase;
			buildActionMask = 2147483647;
			files = (
			);
			runOnlyForDeploymentPostprocessing = 0;
		};
		D0D717021C1AA8EB0086E813 /* Resources */ = {
			isa = PBXResourcesBuildPhase;
			buildActionMask = 2147483647;
			files = (
			);
			runOnlyForDeploymentPostprocessing = 0;
		};
/* End PBXResourcesBuildPhase section */

/* Begin PBXShellScriptBuildPhase section */
		5A5C569419A743E08BBD86C7 /* Embed Pods Frameworks */ = {
			isa = PBXShellScriptBuildPhase;
			buildActionMask = 2147483647;
			files = (
			);
			inputPaths = (
			);
			name = "Embed Pods Frameworks";
			outputPaths = (
			);
			runOnlyForDeploymentPostprocessing = 0;
			shellPath = /bin/sh;
			shellScript = "\"${SRCROOT}/Pods/Target Support Files/Pods/Pods-frameworks.sh\"\n";
			showEnvVarsInLog = 0;
		};
		6A58E93D8FB3A088A1B272A1 /* Copy Pods Resources */ = {
			isa = PBXShellScriptBuildPhase;
			buildActionMask = 2147483647;
			files = (
			);
			inputPaths = (
			);
			name = "Copy Pods Resources";
			outputPaths = (
			);
			runOnlyForDeploymentPostprocessing = 0;
			shellPath = /bin/sh;
			shellScript = "\"${SRCROOT}/Pods/Target Support Files/Pods/Pods-resources.sh\"\n";
			showEnvVarsInLog = 0;
		};
		D1A2F2BF4443E8DEFDE10AD8 /* Check Pods Manifest.lock */ = {
			isa = PBXShellScriptBuildPhase;
			buildActionMask = 2147483647;
			files = (
			);
			inputPaths = (
			);
			name = "Check Pods Manifest.lock";
			outputPaths = (
			);
			runOnlyForDeploymentPostprocessing = 0;
			shellPath = /bin/sh;
			shellScript = "diff \"${PODS_ROOT}/../Podfile.lock\" \"${PODS_ROOT}/Manifest.lock\" > /dev/null\nif [[ $? != 0 ]] ; then\n    cat << EOM\nerror: The sandbox is not in sync with the Podfile.lock. Run 'pod install' or update your CocoaPods installation.\nEOM\n    exit 1\nfi\n";
			showEnvVarsInLog = 0;
		};
/* End PBXShellScriptBuildPhase section */

/* Begin PBXSourcesBuildPhase section */
		D0D716DC1C1AA8EB0086E813 /* Sources */ = {
			isa = PBXSourcesBuildPhase;
			buildActionMask = 2147483647;
			files = (
				63A804301CD25977001B23C1 /* CYLMessageViewController.m in Sources */,
				638782291CD2576300943629 /* CYLTabBarControllerConfig.m in Sources */,
				63A804321CD25977001B23C1 /* CYLDetailsViewController.m in Sources */,
				D0C9C54D1C3BA9210087D987 /* HHCollectionViewCell.m in Sources */,
				63A804341CD25977001B23C1 /* CYLPlusButtonSubclass.m in Sources */,
				63A804331CD25977001B23C1 /* CYLSameCityViewController.m in Sources */,
				63A8042F1CD25977001B23C1 /* CYLHomeViewController.m in Sources */,
				63CB96091CD9CBB1002D4994 /* DBManager.m in Sources */,
				D0C9C5501C3BAB780087D987 /* HHBombItem.m in Sources */,
				63DB84621CACCFC30079E0B5 /* AppDelegate+Audio.m in Sources */,
				63A804311CD25977001B23C1 /* CYLMineViewController.m in Sources */,
				D0D716EB1C1AA8EB0086E813 /* ViewController.m in Sources */,
				D0D716E81C1AA8EB0086E813 /* AppDelegate.m in Sources */,
				D0D716E51C1AA8EB0086E813 /* main.m in Sources */,
			);
			runOnlyForDeploymentPostprocessing = 0;
		};
		D0D716F51C1AA8EB0086E813 /* Sources */ = {
			isa = PBXSourcesBuildPhase;
			buildActionMask = 2147483647;
			files = (
				D0D716FE1C1AA8EB0086E813 /* ImagePickerTestTests.m in Sources */,
			);
			runOnlyForDeploymentPostprocessing = 0;
		};
		D0D717001C1AA8EB0086E813 /* Sources */ = {
			isa = PBXSourcesBuildPhase;
			buildActionMask = 2147483647;
			files = (
				D0D717091C1AA8EB0086E813 /* ImagePickerTestUITests.m in Sources */,
			);
			runOnlyForDeploymentPostprocessing = 0;
		};
/* End PBXSourcesBuildPhase section */

/* Begin PBXTargetDependency section */
		D0D716FB1C1AA8EB0086E813 /* PBXTargetDependency */ = {
			isa = PBXTargetDependency;
			target = D0D716DF1C1AA8EB0086E813 /* MineGame */;
			targetProxy = D0D716FA1C1AA8EB0086E813 /* PBXContainerItemProxy */;
		};
		D0D717061C1AA8EB0086E813 /* PBXTargetDependency */ = {
			isa = PBXTargetDependency;
			target = D0D716DF1C1AA8EB0086E813 /* MineGame */;
			targetProxy = D0D717051C1AA8EB0086E813 /* PBXContainerItemProxy */;
		};
/* End PBXTargetDependency section */

/* Begin PBXVariantGroup section */
		D0D716EC1C1AA8EB0086E813 /* Main.storyboard */ = {
			isa = PBXVariantGroup;
			children = (
				D0D716ED1C1AA8EB0086E813 /* Base */,
			);
			name = Main.storyboard;
			sourceTree = "<group>";
		};
		D0D716F11C1AA8EB0086E813 /* LaunchScreen.storyboard */ = {
			isa = PBXVariantGroup;
			children = (
				D0D716F21C1AA8EB0086E813 /* Base */,
			);
			name = LaunchScreen.storyboard;
			sourceTree = "<group>";
		};
/* End PBXVariantGroup section */

/* Begin XCBuildConfiguration section */
		D0D7170B1C1AA8EB0086E813 /* Debug */ = {
			isa = XCBuildConfiguration;
			buildSettings = {
				ALWAYS_SEARCH_USER_PATHS = NO;
				CLANG_CXX_LANGUAGE_STANDARD = "gnu++0x";
				CLANG_CXX_LIBRARY = "libc++";
				CLANG_ENABLE_MODULES = YES;
				CLANG_ENABLE_OBJC_ARC = YES;
				CLANG_WARN_BOOL_CONVERSION = YES;
				CLANG_WARN_CONSTANT_CONVERSION = YES;
				CLANG_WARN_DIRECT_OBJC_ISA_USAGE = YES_ERROR;
				CLANG_WARN_EMPTY_BODY = YES;
				CLANG_WARN_ENUM_CONVERSION = YES;
				CLANG_WARN_INT_CONVERSION = YES;
				CLANG_WARN_OBJC_ROOT_CLASS = YES_ERROR;
				CLANG_WARN_UNREACHABLE_CODE = YES;
				CLANG_WARN__DUPLICATE_METHOD_MATCH = YES;
				"CODE_SIGN_IDENTITY[sdk=iphoneos*]" = "iPhone Developer";
				COPY_PHASE_STRIP = NO;
				DEBUG_INFORMATION_FORMAT = dwarf;
				ENABLE_STRICT_OBJC_MSGSEND = YES;
				ENABLE_TESTABILITY = YES;
				GCC_C_LANGUAGE_STANDARD = gnu99;
				GCC_DYNAMIC_NO_PIC = NO;
				GCC_INCREASE_PRECOMPILED_HEADER_SHARING = YES;
				GCC_NO_COMMON_BLOCKS = YES;
				GCC_OPTIMIZATION_LEVEL = 0;
				GCC_PRECOMPILE_PREFIX_HEADER = YES;
				GCC_PREPROCESSOR_DEFINITIONS = (
					"DEBUG=1",
					"$(inherited)",
				);
				GCC_WARN_64_TO_32_BIT_CONVERSION = YES;
				GCC_WARN_ABOUT_RETURN_TYPE = YES_ERROR;
				GCC_WARN_UNDECLARED_SELECTOR = YES;
				GCC_WARN_UNINITIALIZED_AUTOS = YES_AGGRESSIVE;
				GCC_WARN_UNUSED_FUNCTION = YES;
				GCC_WARN_UNUSED_VARIABLE = YES;
				IPHONEOS_DEPLOYMENT_TARGET = 9.1;
				MTL_ENABLE_DEBUG_INFO = YES;
				ONLY_ACTIVE_ARCH = YES;
				SDKROOT = iphoneos;
				TARGETED_DEVICE_FAMILY = "1,2";
			};
			name = Debug;
		};
		D0D7170C1C1AA8EB0086E813 /* Release */ = {
			isa = XCBuildConfiguration;
			buildSettings = {
				ALWAYS_SEARCH_USER_PATHS = NO;
				CLANG_CXX_LANGUAGE_STANDARD = "gnu++0x";
				CLANG_CXX_LIBRARY = "libc++";
				CLANG_ENABLE_MODULES = YES;
				CLANG_ENABLE_OBJC_ARC = YES;
				CLANG_WARN_BOOL_CONVERSION = YES;
				CLANG_WARN_CONSTANT_CONVERSION = YES;
				CLANG_WARN_DIRECT_OBJC_ISA_USAGE = YES_ERROR;
				CLANG_WARN_EMPTY_BODY = YES;
				CLANG_WARN_ENUM_CONVERSION = YES;
				CLANG_WARN_INT_CONVERSION = YES;
				CLANG_WARN_OBJC_ROOT_CLASS = YES_ERROR;
				CLANG_WARN_UNREACHABLE_CODE = YES;
				CLANG_WARN__DUPLICATE_METHOD_MATCH = YES;
				"CODE_SIGN_IDENTITY[sdk=iphoneos*]" = "iPhone Developer";
				COPY_PHASE_STRIP = NO;
				DEBUG_INFORMATION_FORMAT = "dwarf-with-dsym";
				ENABLE_NS_ASSERTIONS = NO;
				ENABLE_STRICT_OBJC_MSGSEND = YES;
				GCC_C_LANGUAGE_STANDARD = gnu99;
				GCC_INCREASE_PRECOMPILED_HEADER_SHARING = YES;
				GCC_NO_COMMON_BLOCKS = YES;
				GCC_PRECOMPILE_PREFIX_HEADER = YES;
				GCC_WARN_64_TO_32_BIT_CONVERSION = YES;
				GCC_WARN_ABOUT_RETURN_TYPE = YES_ERROR;
				GCC_WARN_UNDECLARED_SELECTOR = YES;
				GCC_WARN_UNINITIALIZED_AUTOS = YES_AGGRESSIVE;
				GCC_WARN_UNUSED_FUNCTION = YES;
				GCC_WARN_UNUSED_VARIABLE = YES;
				IPHONEOS_DEPLOYMENT_TARGET = 9.1;
				MTL_ENABLE_DEBUG_INFO = NO;
				SDKROOT = iphoneos;
				TARGETED_DEVICE_FAMILY = "1,2";
				VALIDATE_PRODUCT = YES;
			};
			name = Release;
		};
		D0D7170E1C1AA8EB0086E813 /* Debug */ = {
			isa = XCBuildConfiguration;
			baseConfigurationReference = 02B62DBAF94073880AC40E8F /* Pods.debug.xcconfig */;
			buildSettings = {
				ASSETCATALOG_COMPILER_APPICON_NAME = AppIcon;
				ASSETCATALOG_COMPILER_LAUNCHIMAGE_NAME = "Brand Assets";
				CODE_SIGN_IDENTITY = "iPhone Developer";
				GCC_PRECOMPILE_PREFIX_HEADER = YES;
				GCC_PREFIX_HEADER = /Users/bt/mineGame/pch/MacroDefine.pch;
				INFOPLIST_FILE = ImagePickerTest/Info.plist;
				LD_RUNPATH_SEARCH_PATHS = "$(inherited) @executable_path/Frameworks";
				PRODUCT_BUNDLE_IDENTIFIER = Chaoxinfan.ImagePickerTest;
				PRODUCT_NAME = MineGame;
				TARGETED_DEVICE_FAMILY = 1;
			};
			name = Debug;
		};
		D0D7170F1C1AA8EB0086E813 /* Release */ = {
			isa = XCBuildConfiguration;
			baseConfigurationReference = 1702E09E05F579E31B137A97 /* Pods.release.xcconfig */;
			buildSettings = {
				ASSETCATALOG_COMPILER_APPICON_NAME = AppIcon;
				ASSETCATALOG_COMPILER_LAUNCHIMAGE_NAME = "Brand Assets";
				CODE_SIGN_IDENTITY = "iPhone Developer";
				GCC_PRECOMPILE_PREFIX_HEADER = YES;
				GCC_PREFIX_HEADER = /Users/bt/mineGame/pch/MacroDefine.pch;
				INFOPLIST_FILE = ImagePickerTest/Info.plist;
				LD_RUNPATH_SEARCH_PATHS = "$(inherited) @executable_path/Frameworks";
				PRODUCT_BUNDLE_IDENTIFIER = Chaoxinfan.ImagePickerTest;
				PRODUCT_NAME = MineGame;
				TARGETED_DEVICE_FAMILY = 1;
			};
			name = Release;
		};
		D0D717111C1AA8EB0086E813 /* Debug */ = {
			isa = XCBuildConfiguration;
			buildSettings = {
				BUNDLE_LOADER = "$(TEST_HOST)";
				INFOPLIST_FILE = ImagePickerTestTests/Info.plist;
				LD_RUNPATH_SEARCH_PATHS = "$(inherited) @executable_path/Frameworks @loader_path/Frameworks";
				PRODUCT_BUNDLE_IDENTIFIER = Chaoxinfan.ImagePickerTestTests;
				PRODUCT_NAME = MineGame;
				TEST_HOST = "$(BUILT_PRODUCTS_DIR)/MineGame.app/MineGame";
			};
			name = Debug;
		};
		D0D717121C1AA8EB0086E813 /* Release */ = {
			isa = XCBuildConfiguration;
			buildSettings = {
				BUNDLE_LOADER = "$(TEST_HOST)";
				INFOPLIST_FILE = ImagePickerTestTests/Info.plist;
				LD_RUNPATH_SEARCH_PATHS = "$(inherited) @executable_path/Frameworks @loader_path/Frameworks";
				PRODUCT_BUNDLE_IDENTIFIER = Chaoxinfan.ImagePickerTestTests;
				PRODUCT_NAME = MineGame;
				TEST_HOST = "$(BUILT_PRODUCTS_DIR)/MineGame.app/MineGame";
			};
			name = Release;
		};
		D0D717141C1AA8EB0086E813 /* Debug */ = {
			isa = XCBuildConfiguration;
			buildSettings = {
				INFOPLIST_FILE = ImagePickerTestUITests/Info.plist;
				LD_RUNPATH_SEARCH_PATHS = "$(inherited) @executable_path/Frameworks @loader_path/Frameworks";
				PRODUCT_BUNDLE_IDENTIFIER = Chaoxinfan.ImagePickerTestUITests;
				PRODUCT_NAME = MineGame;
				TEST_TARGET_NAME = ImagePickerTest;
				USES_XCTRUNNER = YES;
			};
			name = Debug;
		};
		D0D717151C1AA8EB0086E813 /* Release */ = {
			isa = XCBuildConfiguration;
			buildSettings = {
				INFOPLIST_FILE = ImagePickerTestUITests/Info.plist;
				LD_RUNPATH_SEARCH_PATHS = "$(inherited) @executable_path/Frameworks @loader_path/Frameworks";
				PRODUCT_BUNDLE_IDENTIFIER = Chaoxinfan.ImagePickerTestUITests;
				PRODUCT_NAME = MineGame;
				TEST_TARGET_NAME = ImagePickerTest;
				USES_XCTRUNNER = YES;
			};
			name = Release;
		};
/* End XCBuildConfiguration section */

/* Begin XCConfigurationList section */
		D0D716DB1C1AA8EA0086E813 /* Build configuration list for PBXProject "MineGame" */ = {
			isa = XCConfigurationList;
			buildConfigurations = (
				D0D7170B1C1AA8EB0086E813 /* Debug */,
				D0D7170C1C1AA8EB0086E813 /* Release */,
			);
			defaultConfigurationIsVisible = 0;
			defaultConfigurationName = Release;
		};
		D0D7170D1C1AA8EB0086E813 /* Build configuration list for PBXNativeTarget "MineGame" */ = {
			isa = XCConfigurationList;
			buildConfigurations = (
				D0D7170E1C1AA8EB0086E813 /* Debug */,
				D0D7170F1C1AA8EB0086E813 /* Release */,
			);
			defaultConfigurationIsVisible = 0;
			defaultConfigurationName = Release;
		};
		D0D717101C1AA8EB0086E813 /* Build configuration list for PBXNativeTarget "MineGameTests" */ = {
			isa = XCConfigurationList;
			buildConfigurations = (
				D0D717111C1AA8EB0086E813 /* Debug */,
				D0D717121C1AA8EB0086E813 /* Release */,
			);
			defaultConfigurationIsVisible = 0;
			defaultConfigurationName = Release;
		};
		D0D717131C1AA8EB0086E813 /* Build configuration list for PBXNativeTarget "MineGameUITests" */ = {
			isa = XCConfigurationList;
			buildConfigurations = (
				D0D717141C1AA8EB0086E813 /* Debug */,
				D0D717151C1AA8EB0086E813 /* Release */,
			);
			defaultConfigurationIsVisible = 0;
			defaultConfigurationName = Release;
		};
/* End XCConfigurationList section */
	};
	rootObject = D0D716D81C1AA8EA0086E813 /* Project object */;
}
